// !$*UTF8*$!
{
   archiveVersion = "1";
   objectVersion = "46";
   objects = {
      OBJ_1 = {
         isa = "PBXProject";
         attributes = {
            LastUpgradeCheck = "9999";
         };
         buildConfigurationList = OBJ_2;
         compatibilityVersion = "Xcode 3.2";
         developmentRegion = "English";
         hasScannedForEncodings = "0";
         knownRegions = (
            "en",
         );
         mainGroup = OBJ_5;
         productRefGroup = OBJ_28;
         projectDirPath = ".";
         targets = (
            OBJ_33,
            OBJ_47,
            OBJ_56,
            OBJ_67,
         );
      };
      OBJ_10 = {
         isa = "PBXFileReference";
         path = "Context.swift";
         sourceTree = "<group>";
      };
      OBJ_11 = {
         isa = "PBXFileReference";
         path = "Expectation.swift";
         sourceTree = "<group>";
      };
      OBJ_12 = {
         isa = "PBXFileReference";
         path = "Failure.swift";
         sourceTree = "<group>";
      };
      OBJ_13 = {
         isa = "PBXFileReference";
         path = "Global.swift";
         sourceTree = "<group>";
      };
      OBJ_14 = {
         isa = "PBXFileReference";
         path = "GlobalContext.swift";
         sourceTree = "<group>";
      };
      OBJ_15 = {
         isa = "PBXFileReference";
         path = "Reporter.swift";
         sourceTree = "<group>";
      };
      OBJ_16 = {
         isa = "PBXFileReference";
         path = "Reporters.swift";
         sourceTree = "<group>";
      };
      OBJ_17 = {
         isa = "PBXGroup";
         children = (
            OBJ_18,
         );
         name = "PathKit";
         path = "Packages/PathKit-0.7.0/Sources";
         sourceTree = "SOURCE_ROOT";
      };
      OBJ_18 = {
         isa = "PBXFileReference";
         path = "PathKit.swift";
         sourceTree = "<group>";
      };
      OBJ_19 = {
         isa = "PBXGroup";
         children = (
            OBJ_20,
         );
         name = "URITemplate";
         path = "Sources";
         sourceTree = "SOURCE_ROOT";
      };
      OBJ_2 = {
         isa = "XCConfigurationList";
         buildConfigurations = (
            OBJ_3,
            OBJ_4,
         );
         defaultConfigurationIsVisible = "0";
         defaultConfigurationName = "Debug";
      };
      OBJ_20 = {
         isa = "PBXFileReference";
         path = "URITemplate.swift";
         sourceTree = "<group>";
      };
      OBJ_21 = {
         isa = "PBXGroup";
         children = (
            OBJ_22,
         );
         path = "Tests";
         sourceTree = "<group>";
      };
      OBJ_22 = {
         isa = "PBXGroup";
         children = (
            OBJ_23,
            OBJ_24,
            OBJ_25,
            OBJ_26,
            OBJ_27,
         );
         name = "URITemplateTests";
         path = "Tests/URITemplateTests";
         sourceTree = "SOURCE_ROOT";
      };
      OBJ_23 = {
         isa = "PBXFileReference";
         path = "URITemplateCases.swift";
         sourceTree = "<group>";
      };
      OBJ_24 = {
         isa = "PBXFileReference";
         path = "URITemplateExpansionTests.swift";
         sourceTree = "<group>";
      };
      OBJ_25 = {
         isa = "PBXFileReference";
         path = "URITemplateExtractTests.swift";
         sourceTree = "<group>";
      };
      OBJ_26 = {
         isa = "PBXFileReference";
         path = "URITemplateVariablesTests.swift";
         sourceTree = "<group>";
      };
      OBJ_27 = {
         isa = "PBXFileReference";
         path = "XCTest.swift";
         sourceTree = "<group>";
      };
      OBJ_28 = {
         isa = "PBXGroup";
         children = (
            OBJ_29,
            OBJ_30,
            OBJ_31,
            OBJ_32,
         );
         name = "Products";
         path = "";
         sourceTree = "BUILT_PRODUCTS_DIR";
      };
      OBJ_29 = {
         isa = "PBXFileReference";
         path = "Spectre.framework";
         sourceTree = "BUILT_PRODUCTS_DIR";
      };
      OBJ_3 = {
         isa = "XCBuildConfiguration";
         buildSettings = {
            COMBINE_HIDPI_IMAGES = "YES";
            COPY_PHASE_STRIP = "NO";
            DEBUG_INFORMATION_FORMAT = "dwarf";
            DYLIB_INSTALL_NAME_BASE = "@rpath";
            ENABLE_NS_ASSERTIONS = "YES";
            GCC_OPTIMIZATION_LEVEL = "0";
            MACOSX_DEPLOYMENT_TARGET = "10.10";
            ONLY_ACTIVE_ARCH = "YES";
            OTHER_SWIFT_FLAGS = (
               "-DXcode",
            );
            PRODUCT_NAME = "$(TARGET_NAME)";
            SUPPORTED_PLATFORMS = (
               "macosx",
               "iphoneos",
               "iphonesimulator",
               "appletvos",
               "appletvsimulator",
               "watchos",
               "watchsimulator",
            );
            SWIFT_OPTIMIZATION_LEVEL = "-Onone";
            USE_HEADERMAP = "NO";
         };
         name = "Debug";
      };
      OBJ_30 = {
         isa = "PBXFileReference";
         path = "PathKit.framework";
         sourceTree = "BUILT_PRODUCTS_DIR";
      };
      OBJ_31 = {
         isa = "PBXFileReference";
         path = "URITemplate.framework";
         sourceTree = "BUILT_PRODUCTS_DIR";
      };
      OBJ_32 = {
         isa = "PBXFileReference";
         path = "URITemplateTests.xctest";
         sourceTree = "BUILT_PRODUCTS_DIR";
      };
      OBJ_33 = {
         isa = "PBXNativeTarget";
         buildConfigurationList = OBJ_34;
         buildPhases = (
            OBJ_37,
            OBJ_46,
         );
         dependencies = (
         );
         name = "Spectre";
         productName = "Spectre";
         productReference = OBJ_29;
         productType = "com.apple.product-type.framework";
      };
      OBJ_34 = {
         isa = "XCConfigurationList";
         buildConfigurations = (
            OBJ_35,
            OBJ_36,
         );
         defaultConfigurationIsVisible = "0";
         defaultConfigurationName = "Debug";
      };
      OBJ_35 = {
         isa = "XCBuildConfiguration";
         buildSettings = {
            ENABLE_TESTABILITY = "YES";
            FRAMEWORK_SEARCH_PATHS = (
               "$(PLATFORM_DIR)/Developer/Library/Frameworks",
            );
            HEADER_SEARCH_PATHS = (
            );
            INFOPLIST_FILE = "URITemplate.xcodeproj/Spectre_Info.plist";
            LD_RUNPATH_SEARCH_PATHS = (
               "$(TOOLCHAIN_DIR)/usr/lib/swift/macosx",
            );
            OTHER_LDFLAGS = (
               "$(inherited)",
            );
            OTHER_SWIFT_FLAGS = (
               "$(inherited)",
            );
            PRODUCT_BUNDLE_IDENTIFIER = "Spectre";
            PRODUCT_MODULE_NAME = "$(TARGET_NAME:c99extidentifier)";
            PRODUCT_NAME = "$(TARGET_NAME:c99extidentifier)";
            SUPPORTED_PLATFORMS = (
               "macosx",
            );
            SWIFT_ACTIVE_COMPILATION_CONDITIONS = "SWIFT_PACKAGE";
            SWIFT_VERSION = "3.0";
            TARGET_NAME = "Spectre";
         };
         name = "Debug";
      };
      OBJ_36 = {
         isa = "XCBuildConfiguration";
         buildSettings = {
            ENABLE_TESTABILITY = "YES";
            FRAMEWORK_SEARCH_PATHS = (
               "$(PLATFORM_DIR)/Developer/Library/Frameworks",
            );
            HEADER_SEARCH_PATHS = (
            );
            INFOPLIST_FILE = "URITemplate.xcodeproj/Spectre_Info.plist";
            LD_RUNPATH_SEARCH_PATHS = (
               "$(TOOLCHAIN_DIR)/usr/lib/swift/macosx",
            );
            OTHER_LDFLAGS = (
               "$(inherited)",
            );
            OTHER_SWIFT_FLAGS = (
               "$(inherited)",
            );
            PRODUCT_BUNDLE_IDENTIFIER = "Spectre";
            PRODUCT_MODULE_NAME = "$(TARGET_NAME:c99extidentifier)";
            PRODUCT_NAME = "$(TARGET_NAME:c99extidentifier)";
            SUPPORTED_PLATFORMS = (
               "macosx",
            );
            SWIFT_ACTIVE_COMPILATION_CONDITIONS = "SWIFT_PACKAGE";
            SWIFT_VERSION = "3.0";
            TARGET_NAME = "Spectre";
         };
         name = "Release";
      };
      OBJ_37 = {
         isa = "PBXSourcesBuildPhase";
         files = (
            OBJ_38,
            OBJ_39,
            OBJ_40,
            OBJ_41,
            OBJ_42,
            OBJ_43,
            OBJ_44,
            OBJ_45,
         );
      };
      OBJ_38 = {
         isa = "PBXBuildFile";
         fileRef = OBJ_9;
      };
      OBJ_39 = {
         isa = "PBXBuildFile";
         fileRef = OBJ_10;
      };
      OBJ_4 = {
         isa = "XCBuildConfiguration";
         buildSettings = {
            COMBINE_HIDPI_IMAGES = "YES";
            COPY_PHASE_STRIP = "YES";
            DEBUG_INFORMATION_FORMAT = "dwarf-with-dsym";
            DYLIB_INSTALL_NAME_BASE = "@rpath";
            GCC_OPTIMIZATION_LEVEL = "s";
            MACOSX_DEPLOYMENT_TARGET = "10.10";
            OTHER_SWIFT_FLAGS = (
               "-DXcode",
            );
            PRODUCT_NAME = "$(TARGET_NAME)";
            SUPPORTED_PLATFORMS = (
               "macosx",
               "iphoneos",
               "iphonesimulator",
               "appletvos",
               "appletvsimulator",
               "watchos",
               "watchsimulator",
            );
            SWIFT_OPTIMIZATION_LEVEL = "-O";
            USE_HEADERMAP = "NO";
         };
         name = "Release";
      };
      OBJ_40 = {
         isa = "PBXBuildFile";
         fileRef = OBJ_11;
      };
      OBJ_41 = {
         isa = "PBXBuildFile";
         fileRef = OBJ_12;
      };
      OBJ_42 = {
         isa = "PBXBuildFile";
         fileRef = OBJ_13;
      };
      OBJ_43 = {
         isa = "PBXBuildFile";
         fileRef = OBJ_14;
      };
      OBJ_44 = {
         isa = "PBXBuildFile";
         fileRef = OBJ_15;
      };
      OBJ_45 = {
         isa = "PBXBuildFile";
         fileRef = OBJ_16;
      };
      OBJ_46 = {
         isa = "PBXFrameworksBuildPhase";
         files = (
         );
      };
      OBJ_47 = {
         isa = "PBXNativeTarget";
         buildConfigurationList = OBJ_48;
         buildPhases = (
            OBJ_51,
            OBJ_53,
         );
         dependencies = (
            OBJ_55,
         );
         name = "PathKit";
         productName = "PathKit";
         productReference = OBJ_30;
         productType = "com.apple.product-type.framework";
      };
      OBJ_48 = {
         isa = "XCConfigurationList";
         buildConfigurations = (
            OBJ_49,
            OBJ_50,
         );
         defaultConfigurationIsVisible = "0";
         defaultConfigurationName = "Debug";
      };
      OBJ_49 = {
         isa = "XCBuildConfiguration";
         buildSettings = {
            ENABLE_TESTABILITY = "YES";
            FRAMEWORK_SEARCH_PATHS = (
               "$(PLATFORM_DIR)/Developer/Library/Frameworks",
            );
            HEADER_SEARCH_PATHS = (
            );
            INFOPLIST_FILE = "URITemplate.xcodeproj/PathKit_Info.plist";
            LD_RUNPATH_SEARCH_PATHS = (
               "$(TOOLCHAIN_DIR)/usr/lib/swift/macosx",
            );
            OTHER_LDFLAGS = (
               "$(inherited)",
            );
            OTHER_SWIFT_FLAGS = (
               "$(inherited)",
            );
            PRODUCT_BUNDLE_IDENTIFIER = "PathKit";
            PRODUCT_MODULE_NAME = "$(TARGET_NAME:c99extidentifier)";
            PRODUCT_NAME = "$(TARGET_NAME:c99extidentifier)";
            SUPPORTED_PLATFORMS = (
               "macosx",
            );
            SWIFT_ACTIVE_COMPILATION_CONDITIONS = "SWIFT_PACKAGE";
            SWIFT_VERSION = "3.0";
            TARGET_NAME = "PathKit";
         };
         name = "Debug";
      };
      OBJ_5 = {
         isa = "PBXGroup";
         children = (
            OBJ_6,
            OBJ_7,
            OBJ_21,
            OBJ_28,
         );
         path = "";
         sourceTree = "<group>";
      };
      OBJ_50 = {
         isa = "XCBuildConfiguration";
         buildSettings = {
            ENABLE_TESTABILITY = "YES";
            FRAMEWORK_SEARCH_PATHS = (
               "$(PLATFORM_DIR)/Developer/Library/Frameworks",
            );
            HEADER_SEARCH_PATHS = (
            );
            INFOPLIST_FILE = "URITemplate.xcodeproj/PathKit_Info.plist";
            LD_RUNPATH_SEARCH_PATHS = (
               "$(TOOLCHAIN_DIR)/usr/lib/swift/macosx",
            );
            OTHER_LDFLAGS = (
               "$(inherited)",
            );
            OTHER_SWIFT_FLAGS = (
               "$(inherited)",
            );
            PRODUCT_BUNDLE_IDENTIFIER = "PathKit";
            PRODUCT_MODULE_NAME = "$(TARGET_NAME:c99extidentifier)";
            PRODUCT_NAME = "$(TARGET_NAME:c99extidentifier)";
            SUPPORTED_PLATFORMS = (
               "macosx",
            );
            SWIFT_ACTIVE_COMPILATION_CONDITIONS = "SWIFT_PACKAGE";
            SWIFT_VERSION = "3.0";
            TARGET_NAME = "PathKit";
         };
         name = "Release";
      };
      OBJ_51 = {
         isa = "PBXSourcesBuildPhase";
         files = (
            OBJ_52,
         );
      };
      OBJ_52 = {
         isa = "PBXBuildFile";
         fileRef = OBJ_18;
      };
      OBJ_53 = {
         isa = "PBXFrameworksBuildPhase";
         files = (
            OBJ_54,
         );
      };
      OBJ_54 = {
         isa = "PBXBuildFile";
         fileRef = OBJ_29;
      };
      OBJ_55 = {
         isa = "PBXTargetDependency";
         target = OBJ_33;
      };
      OBJ_56 = {
         isa = "PBXNativeTarget";
         buildConfigurationList = OBJ_57;
         buildPhases = (
            OBJ_60,
            OBJ_62,
         );
         dependencies = (
            OBJ_65,
            OBJ_66,
         );
         name = "URITemplate";
         productName = "URITemplate";
         productReference = OBJ_31;
         productType = "com.apple.product-type.framework";
      };
      OBJ_57 = {
         isa = "XCConfigurationList";
         buildConfigurations = (
            OBJ_58,
            OBJ_59,
         );
         defaultConfigurationIsVisible = "0";
         defaultConfigurationName = "Debug";
      };
      OBJ_58 = {
         isa = "XCBuildConfiguration";
         buildSettings = {
            ENABLE_TESTABILITY = "YES";
            FRAMEWORK_SEARCH_PATHS = (
               "$(PLATFORM_DIR)/Developer/Library/Frameworks",
            );
            HEADER_SEARCH_PATHS = (
            );
            INFOPLIST_FILE = "URITemplate.xcodeproj/URITemplate_Info.plist";
            LD_RUNPATH_SEARCH_PATHS = (
               "$(TOOLCHAIN_DIR)/usr/lib/swift/macosx",
            );
            OTHER_LDFLAGS = (
               "$(inherited)",
            );
            OTHER_SWIFT_FLAGS = (
               "$(inherited)",
            );
            PRODUCT_BUNDLE_IDENTIFIER = "URITemplate";
            PRODUCT_MODULE_NAME = "$(TARGET_NAME:c99extidentifier)";
            PRODUCT_NAME = "$(TARGET_NAME:c99extidentifier)";
            SUPPORTED_PLATFORMS = (
               "macosx",
            );
            SWIFT_ACTIVE_COMPILATION_CONDITIONS = "SWIFT_PACKAGE";
            SWIFT_VERSION = "3.0";
            TARGET_NAME = "URITemplate";
         };
         name = "Debug";
      };
      OBJ_59 = {
         isa = "XCBuildConfiguration";
         buildSettings = {
            ENABLE_TESTABILITY = "YES";
            FRAMEWORK_SEARCH_PATHS = (
               "$(PLATFORM_DIR)/Developer/Library/Frameworks",
            );
            HEADER_SEARCH_PATHS = (
            );
            INFOPLIST_FILE = "URITemplate.xcodeproj/URITemplate_Info.plist";
            LD_RUNPATH_SEARCH_PATHS = (
               "$(TOOLCHAIN_DIR)/usr/lib/swift/macosx",
            );
            OTHER_LDFLAGS = (
               "$(inherited)",
            );
            OTHER_SWIFT_FLAGS = (
               "$(inherited)",
            );
            PRODUCT_BUNDLE_IDENTIFIER = "URITemplate";
            PRODUCT_MODULE_NAME = "$(TARGET_NAME:c99extidentifier)";
            PRODUCT_NAME = "$(TARGET_NAME:c99extidentifier)";
            SUPPORTED_PLATFORMS = (
               "macosx",
            );
            SWIFT_ACTIVE_COMPILATION_CONDITIONS = "SWIFT_PACKAGE";
            SWIFT_VERSION = "3.0";
            TARGET_NAME = "URITemplate";
         };
         name = "Release";
      };
      OBJ_6 = {
         isa = "PBXFileReference";
         explicitFileType = "sourcecode.swift";
         path = "Package.swift";
         sourceTree = "<group>";
      };
      OBJ_60 = {
         isa = "PBXSourcesBuildPhase";
         files = (
            OBJ_61,
         );
      };
      OBJ_61 = {
         isa = "PBXBuildFile";
         fileRef = OBJ_20;
      };
      OBJ_62 = {
         isa = "PBXFrameworksBuildPhase";
         files = (
            OBJ_63,
            OBJ_64,
         );
      };
      OBJ_63 = {
         isa = "PBXBuildFile";
         fileRef = OBJ_29;
      };
      OBJ_64 = {
         isa = "PBXBuildFile";
         fileRef = OBJ_30;
      };
      OBJ_65 = {
         isa = "PBXTargetDependency";
         target = OBJ_33;
      };
      OBJ_66 = {
         isa = "PBXTargetDependency";
         target = OBJ_47;
      };
      OBJ_67 = {
         isa = "PBXNativeTarget";
         buildConfigurationList = OBJ_68;
         buildPhases = (
            OBJ_71,
            OBJ_77,
         );
         dependencies = (
            OBJ_81,
            OBJ_82,
            OBJ_83,
         );
         name = "URITemplateTests";
         productName = "URITemplateTests";
         productReference = OBJ_32;
         productType = "com.apple.product-type.bundle.unit-test";
      };
      OBJ_68 = {
         isa = "XCConfigurationList";
         buildConfigurations = (
            OBJ_69,
            OBJ_70,
         );
         defaultConfigurationIsVisible = "0";
         defaultConfigurationName = "Debug";
      };
      OBJ_69 = {
         isa = "XCBuildConfiguration";
         buildSettings = {
            EMBEDDED_CONTENT_CONTAINS_SWIFT = "YES";
            FRAMEWORK_SEARCH_PATHS = (
               "$(PLATFORM_DIR)/Developer/Library/Frameworks",
            );
            HEADER_SEARCH_PATHS = (
            );
            INFOPLIST_FILE = "URITemplate.xcodeproj/URITemplateTests_Info.plist";
            LD_RUNPATH_SEARCH_PATHS = (
               "@loader_path/../Frameworks",
            );
            OTHER_LDFLAGS = (
               "$(inherited)",
            );
            OTHER_SWIFT_FLAGS = (
               "$(inherited)",
            );
            SUPPORTED_PLATFORMS = (
               "macosx",
            );
            SWIFT_ACTIVE_COMPILATION_CONDITIONS = "SWIFT_PACKAGE";
            SWIFT_VERSION = "3.0";
            TARGET_NAME = "URITemplateTests";
         };
         name = "Debug";
      };
      OBJ_7 = {
         isa = "PBXGroup";
         children = (
            OBJ_8,
            OBJ_17,
            OBJ_19,
         );
         path = "Sources";
         sourceTree = "<group>";
      };
      OBJ_70 = {
         isa = "XCBuildConfiguration";
         buildSettings = {
            EMBEDDED_CONTENT_CONTAINS_SWIFT = "YES";
            FRAMEWORK_SEARCH_PATHS = (
               "$(PLATFORM_DIR)/Developer/Library/Frameworks",
            );
            HEADER_SEARCH_PATHS = (
            );
            INFOPLIST_FILE = "URITemplate.xcodeproj/URITemplateTests_Info.plist";
            LD_RUNPATH_SEARCH_PATHS = (
               "@loader_path/../Frameworks",
            );
            OTHER_LDFLAGS = (
               "$(inherited)",
            );
            OTHER_SWIFT_FLAGS = (
               "$(inherited)",
            );
            SUPPORTED_PLATFORMS = (
               "macosx",
            );
            SWIFT_ACTIVE_COMPILATION_CONDITIONS = "SWIFT_PACKAGE";
            SWIFT_VERSION = "3.0";
            TARGET_NAME = "URITemplateTests";
         };
         name = "Release";
      };
      OBJ_71 = {
         isa = "PBXSourcesBuildPhase";
         files = (
            OBJ_72,
            OBJ_73,
            OBJ_74,
            OBJ_75,
            OBJ_76,
         );
      };
      OBJ_72 = {
         isa = "PBXBuildFile";
         fileRef = OBJ_23;
      };
      OBJ_73 = {
         isa = "PBXBuildFile";
         fileRef = OBJ_24;
      };
      OBJ_74 = {
         isa = "PBXBuildFile";
         fileRef = OBJ_25;
      };
      OBJ_75 = {
         isa = "PBXBuildFile";
         fileRef = OBJ_26;
      };
      OBJ_76 = {
         isa = "PBXBuildFile";
         fileRef = OBJ_27;
      };
      OBJ_77 = {
         isa = "PBXFrameworksBuildPhase";
         files = (
            OBJ_78,
            OBJ_79,
            OBJ_80,
         );
      };
      OBJ_78 = {
         isa = "PBXBuildFile";
         fileRef = OBJ_29;
      };
      OBJ_79 = {
         isa = "PBXBuildFile";
         fileRef = OBJ_30;
      };
      OBJ_8 = {
         isa = "PBXGroup";
         children = (
            OBJ_9,
            OBJ_10,
            OBJ_11,
            OBJ_12,
            OBJ_13,
            OBJ_14,
            OBJ_15,
            OBJ_16,
         );
         name = "Spectre";
         path = "Packages/Spectre-0.7.1/Sources";
         sourceTree = "SOURCE_ROOT";
      };
      OBJ_80 = {
         isa = "PBXBuildFile";
         fileRef = OBJ_31;
      };
      OBJ_81 = {
         isa = "PBXTargetDependency";
         target = OBJ_33;
      };
      OBJ_82 = {
         isa = "PBXTargetDependency";
         target = OBJ_47;
      };
      OBJ_83 = {
         isa = "PBXTargetDependency";
         target = OBJ_56;
      };
      OBJ_9 = {
         isa = "PBXFileReference";
         path = "Case.swift";
         sourceTree = "<group>";
      };
   };
   rootObject = OBJ_1;
}
